
Microsoft Visual Studio Solution File, Format Version 12.00
# Visual Studio Version 16
VisualStudioVersion = 16.0.31727.386
MinimumVisualStudioVersion = 10.0.40219.1
Project("{FAE04EC0-301F-11D3-BF4B-00C04F79EFBC}") = "ProiectStef.Android", "ProiectStef.Android\ProiectStef.Android.csproj", "{63161B91-68C6-43BB-BB96-71F209A79086}"
EndProject
Project("{FAE04EC0-301F-11D3-BF4B-00C04F79EFBC}") = "ProiectStef.iOS", "ProiectStef.iOS\ProiectStef.iOS.csproj", "{FBA60A12-54A6-42C6-AEBB-D491F2F75EF9}"
EndProject
Project("{FAE04EC0-301F-11D3-BF4B-00C04F79EFBC}") = "ProiectStef", "ProiectStef\ProiectStef.csproj", "{0D491451-BC17-4EB4-A0A0-146F468F0DBB}"
EndProject
Global
	GlobalSection(SolutionConfigurationPlatforms) = preSolution
		Debug|Any CPU = Debug|Any CPU
		Debug|iPhone = Debug|iPhone
		Debug|iPhoneSimulator = Debug|iPhoneSimulator
		Release|Any CPU = Release|Any CPU
		Release|iPhone = Release|iPhone
		Release|iPhoneSimulator = Release|iPhoneSimulator
	EndGlobalSection
	GlobalSection(ProjectConfigurationPlatforms) = postSolution
		{63161B91-68C6-43BB-BB96-71F209A79086}.Debug|Any CPU.ActiveCfg = Debug|Any CPU
		{63161B91-68C6-43BB-BB96-71F209A79086}.Debug|Any CPU.Build.0 = Debug|Any CPU
		{63161B91-68C6-43BB-BB96-71F209A79086}.Debug|Any CPU.Deploy.0 = Debug|Any CPU
		{63161B91-68C6-43BB-BB96-71F209A79086}.Debug|iPhone.ActiveCfg = Debug|Any CPU
		{63161B91-68C6-43BB-BB96-71F209A79086}.Debug|iPhone.Build.0 = Debug|Any CPU
		{63161B91-68C6-43BB-BB96-71F209A79086}.Debug|iPhone.Deploy.0 = Debug|Any CPU
		{63161B91-68C6-43BB-BB96-71F209A79086}.Debug|iPhoneSimulator.ActiveCfg = Debug|Any CPU
		{63161B91-68C6-43BB-BB96-71F209A79086}.Debug|iPhoneSimulator.Build.0 = Debug|Any CPU
		{63161B91-68C6-43BB-BB96-71F209A79086}.Debug|iPhoneSimulator.Deploy.0 = Debug|Any CPU
		{63161B91-68C6-43BB-BB96-71F209A79086}.Release|Any CPU.ActiveCfg = Release|Any CPU
		{63161B91-68C6-43BB-BB96-71F209A79086}.Release|Any CPU.Build.0 = Release|Any CPU
		{63161B91-68C6-43BB-BB96-71F209A79086}.Release|Any CPU.Deploy.0 = Release|Any CPU
		{63161B91-68C6-43BB-BB96-71F209A79086}.Release|iPhone.ActiveCfg = Release|Any CPU
		{63161B91-68C6-43BB-BB96-71F209A79086}.Release|iPhone.Build.0 = Release|Any CPU
		{63161B91-68C6-43BB-BB96-71F209A79086}.Release|iPhone.Deploy.0 = Release|Any CPU
		{63161B91-68C6-43BB-BB96-71F209A79086}.Release|iPhoneSimulator.ActiveCfg = Release|Any CPU
		{63161B91-68C6-43BB-BB96-71F209A79086}.Release|iPhoneSimulator.Build.0 = Release|Any CPU
		{63161B91-68C6-43BB-BB96-71F209A79086}.Release|iPhoneSimulator.Deploy.0 = Release|Any CPU
		{FBA60A12-54A6-42C6-AEBB-D491F2F75EF9}.Debug|Any CPU.ActiveCfg = Debug|iPhone
		{FBA60A12-54A6-42C6-AEBB-D491F2F75EF9}.Debug|Any CPU.Build.0 = Debug|iPhone
		{FBA60A12-54A6-42C6-AEBB-D491F2F75EF9}.Debug|Any CPU.Deploy.0 = Debug|iPhone
		{FBA60A12-54A6-42C6-AEBB-D491F2F75EF9}.Debug|iPhone.ActiveCfg = Debug|iPhone
		{FBA60A12-54A6-42C6-AEBB-D491F2F75EF9}.Debug|iPhone.Build.0 = Debug|iPhone
		{FBA60A12-54A6-42C6-AEBB-D491F2F75EF9}.Debug|iPhone.Deploy.0 = Debug|iPhone
		{FBA60A12-54A6-42C6-AEBB-D491F2F75EF9}.Debug|iPhoneSimulator.ActiveCfg = Debug|iPhoneSimulator
		{FBA60A12-54A6-42C6-AEBB-D491F2F75EF9}.Debug|iPhoneSimulator.Build.0 = Debug|iPhoneSimulator
		{FBA60A12-54A6-42C6-AEBB-D491F2F75EF9}.Debug|iPhoneSimulator.Deploy.0 = Debug|iPhoneSimulator
		{FBA60A12-54A6-42C6-AEBB-D491F2F75EF9}.Release|Any CPU.ActiveCfg = Release|iPhoneSimulator
		{FBA60A12-54A6-42C6-AEBB-D491F2F75EF9}.Release|Any CPU.Build.0 = Release|iPhoneSimulator
		{FBA60A12-54A6-42C6-AEBB-D491F2F75EF9}.Release|Any CPU.Deploy.0 = Release|iPhoneSimulator
		{FBA60A12-54A6-42C6-AEBB-D491F2F75EF9}.Release|iPhone.ActiveCfg = Release|iPhone
		{FBA60A12-54A6-42C6-AEBB-D491F2F75EF9}.Release|iPhone.Build.0 = Release|iPhone
		{FBA60A12-54A6-42C6-AEBB-D491F2F75EF9}.Release|iPhone.Deploy.0 = Release|iPhone
		{FBA60A12-54A6-42C6-AEBB-D491F2F75EF9}.Release|iPhoneSimulator.ActiveCfg = Release|iPhoneSimulator
		{FBA60A12-54A6-42C6-AEBB-D491F2F75EF9}.Release|iPhoneSimulator.Build.0 = Release|iPhoneSimulator
		{FBA60A12-54A6-42C6-AEBB-D491F2F75EF9}.Release|iPhoneSimulator.Deploy.0 = Release|iPhoneSimulator
		{0D491451-BC17-4EB4-A0A0-146F468F0DBB}.Debug|Any CPU.ActiveCfg = Debug|Any CPU
		{0D491451-BC17-4EB4-A0A0-146F468F0DBB}.Debug|Any CPU.Build.0 = Debug|Any CPU
		{0D491451-BC17-4EB4-A0A0-146F468F0DBB}.Debug|Any CPU.Deploy.0 = Debug|Any CPU
		{0D491451-BC17-4EB4-A0A0-146F468F0DBB}.Debug|iPhone.ActiveCfg = Debug|Any CPU
		{0D491451-BC17-4EB4-A0A0-146F468F0DBB}.Debug|iPhone.Build.0 = Debug|Any CPU
		{0D491451-BC17-4EB4-A0A0-146F468F0DBB}.Debug|iPhone.Deploy.0 = Debug|Any CPU
		{0D491451-BC17-4EB4-A0A0-146F468F0DBB}.Debug|iPhoneSimulator.ActiveCfg = Debug|Any CPU
		{0D491451-BC17-4EB4-A0A0-146F468F0DBB}.Debug|iPhoneSimulator.Build.0 = Debug|Any CPU
		{0D491451-BC17-4EB4-A0A0-146F468F0DBB}.Debug|iPhoneSimulator.Deploy.0 = Debug|Any CPU
		{0D491451-BC17-4EB4-A0A0-146F468F0DBB}.Release|Any CPU.ActiveCfg = Release|Any CPU
		{0D491451-BC17-4EB4-A0A0-146F468F0DBB}.Release|Any CPU.Build.0 = Release|Any CPU
		{0D491451-BC17-4EB4-A0A0-146F468F0DBB}.Release|Any CPU.Deploy.0 = Release|Any CPU
		{0D491451-BC17-4EB4-A0A0-146F468F0DBB}.Release|iPhone.ActiveCfg = Release|Any CPU
		{0D491451-BC17-4EB4-A0A0-146F468F0DBB}.Release|iPhone.Build.0 = Release|Any CPU
		{0D491451-BC17-4EB4-A0A0-146F468F0DBB}.Release|iPhone.Deploy.0 = Release|Any CPU
		{0D491451-BC17-4EB4-A0A0-146F468F0DBB}.Release|iPhoneSimulator.ActiveCfg = Release|Any CPU
		{0D491451-BC17-4EB4-A0A0-146F468F0DBB}.Release|iPhoneSimulator.Build.0 = Release|Any CPU
		{0D491451-BC17-4EB4-A0A0-146F468F0DBB}.Release|iPhoneSimulator.Deploy.0 = Release|Any CPU
	EndGlobalSection
	GlobalSection(SolutionProperties) = preSolution
		HideSolutionNode = FALSE
	EndGlobalSection
	GlobalSection(ExtensibilityGlobals) = postSolution
		SolutionGuid = {B425A4F7-4A14-44D0-80AA-4FDC341D0D4B}
	EndGlobalSection
EndGlobal
